Microsoft Visual Studio Solution File, Format Version 12.00
# Visual Studio Version 17
VisualStudioVersion = 17.5.2.0
MinimumVisualStudioVersion = 10.0.40219.1
Project("{FAE04EC0-301F-11D3-BF4B-00C04F79EFBC}") = "NAC.Server.API", "NAC.Server.API.csproj", "{ADAABB89-68E0-F524-7098-3CA6FD803D61}"
EndProject
Global
	GlobalSection(SolutionConfigurationPlatforms) = preSolution
		Debug|Any CPU = Debug|Any CPU
		Release|Any CPU = Release|Any CPU
	EndGlobalSection
	GlobalSection(ProjectConfigurationPlatforms) = postSolution
		{ADAABB89-68E0-F524-7098-3CA6FD803D61}.Debug|Any CPU.ActiveCfg = Debug|Any CPU
		{ADAABB89-68E0-F524-7098-3CA6FD803D61}.Debug|Any CPU.Build.0 = Debug|Any CPU
		{ADAABB89-68E0-F524-7098-3CA6FD803D61}.Release|Any CPU.ActiveCfg = Release|Any CPU
		{ADAABB89-68E0-F524-7098-3CA6FD803D61}.Release|Any CPU.Build.0 = Release|Any CPU
	EndGlobalSection
	GlobalSection(SolutionProperties) = preSolution
		HideSolutionNode = FALSE
	EndGlobalSection
	GlobalSection(ExtensibilityGlobals) = postSolution
		SolutionGuid = {3E4AE021-E855-4749-9A5B-A6312B33DFB2}
	EndGlobalSection
EndGlobal
